
Microsoft Visual Studio Solution File, Format Version 12.00
# Visual Studio Version 16
VisualStudioVersion = 16.0.30413.136
MinimumVisualStudioVersion = 10.0.40219.1
Project("{FAE04EC0-301F-11D3-BF4B-00C04F79EFBC}") = "QuanLyKhachHangAPI", "QuanLyKhachHangAPI\QuanLyKhachHangAPI.csproj", "{63701198-59B4-4587-94A4-F7FFD43E97E0}"
EndProject
Project("{2150E333-8FDC-42A3-9474-1A3956D46DE8}") = "DT_API", "DT_API", "{872F1EFA-4A7E-4F2E-868C-1753C6F8A90B}"
EndProject
Project("{FAE04EC0-301F-11D3-BF4B-00C04F79EFBC}") = "KH_API", "KH_API\KH_API.csproj", "{863FAE34-4C45-48FD-A5EA-1AA093990907}"
EndProject
Global
	GlobalSection(SolutionConfigurationPlatforms) = preSolution
		Debug|Any CPU = Debug|Any CPU
		Release|Any CPU = Release|Any CPU
	EndGlobalSection
	GlobalSection(ProjectConfigurationPlatforms) = postSolution
		{63701198-59B4-4587-94A4-F7FFD43E97E0}.Debug|Any CPU.ActiveCfg = Debug|Any CPU
		{63701198-59B4-4587-94A4-F7FFD43E97E0}.Debug|Any CPU.Build.0 = Debug|Any CPU
		{63701198-59B4-4587-94A4-F7FFD43E97E0}.Release|Any CPU.ActiveCfg = Release|Any CPU
		{63701198-59B4-4587-94A4-F7FFD43E97E0}.Release|Any CPU.Build.0 = Release|Any CPU
		{863FAE34-4C45-48FD-A5EA-1AA093990907}.Debug|Any CPU.ActiveCfg = Debug|Any CPU
		{863FAE34-4C45-48FD-A5EA-1AA093990907}.Debug|Any CPU.Build.0 = Debug|Any CPU
		{863FAE34-4C45-48FD-A5EA-1AA093990907}.Release|Any CPU.ActiveCfg = Release|Any CPU
		{863FAE34-4C45-48FD-A5EA-1AA093990907}.Release|Any CPU.Build.0 = Release|Any CPU
	EndGlobalSection
	GlobalSection(SolutionProperties) = preSolution
		HideSolutionNode = FALSE
	EndGlobalSection
	GlobalSection(NestedProjects) = preSolution
		{863FAE34-4C45-48FD-A5EA-1AA093990907} = {872F1EFA-4A7E-4F2E-868C-1753C6F8A90B}
	EndGlobalSection
	GlobalSection(ExtensibilityGlobals) = postSolution
		SolutionGuid = {8614CF86-B183-4480-B70E-5AC959FACCFB}
	EndGlobalSection
EndGlobal
